
Microsoft Visual Studio Solution File, Format Version 12.00
# Visual Studio Version 16
VisualStudioVersion = 16.0.31025.194
MinimumVisualStudioVersion = 10.0.40219.1
Project("{9A19103F-16F7-4668-BE54-9A1E7A4F7556}") = "Registro_Vacunacion_EQNuGet", "Registro_Vacunacion_EQNuGet.csproj", "{322ED149-D22A-43E3-84FB-C1FA7D33602D}"
EndProject
Global
	GlobalSection(SolutionConfigurationPlatforms) = preSolution
		Debug|Any CPU = Debug|Any CPU
		Release|Any CPU = Release|Any CPU
	EndGlobalSection
	GlobalSection(ProjectConfigurationPlatforms) = postSolution
		{322ED149-D22A-43E3-84FB-C1FA7D33602D}.Debug|Any CPU.ActiveCfg = Debug|Any CPU
		{322ED149-D22A-43E3-84FB-C1FA7D33602D}.Debug|Any CPU.Build.0 = Debug|Any CPU
		{322ED149-D22A-43E3-84FB-C1FA7D33602D}.Release|Any CPU.ActiveCfg = Release|Any CPU
		{322ED149-D22A-43E3-84FB-C1FA7D33602D}.Release|Any CPU.Build.0 = Release|Any CPU
	EndGlobalSection
	GlobalSection(SolutionProperties) = preSolution
		HideSolutionNode = FALSE
	EndGlobalSection
	GlobalSection(ExtensibilityGlobals) = postSolution
		SolutionGuid = {1A7968B3-66E5-43C7-90FF-A237E0DC8263}
	EndGlobalSection
EndGlobal
